
Microsoft Visual Studio Solution File, Format Version 12.00
# Visual Studio Version 17
VisualStudioVersion = 17.5.33516.290
MinimumVisualStudioVersion = 10.0.40219.1
Project("{FAE04EC0-301F-11D3-BF4B-00C04F79EFBC}") = "asanchezExamen.Android", "asanchezExamen.Android\asanchezExamen.Android.csproj", "{AAF8DDC2-F444-4D35-83F7-1C3420215AE4}"
EndProject
Project("{FAE04EC0-301F-11D3-BF4B-00C04F79EFBC}") = "asanchezExamen.iOS", "asanchezExamen.iOS\asanchezExamen.iOS.csproj", "{7FB93F66-019E-4959-B92A-F08E4B77DD93}"
EndProject
Project("{FAE04EC0-301F-11D3-BF4B-00C04F79EFBC}") = "asanchezExamen", "asanchezExamen\asanchezExamen.csproj", "{22CA7267-174F-46BC-BCB8-39AF2038741F}"
EndProject
Global
	GlobalSection(SolutionConfigurationPlatforms) = preSolution
		Debug|Any CPU = Debug|Any CPU
		Debug|iPhone = Debug|iPhone
		Debug|iPhoneSimulator = Debug|iPhoneSimulator
		Release|Any CPU = Release|Any CPU
		Release|iPhone = Release|iPhone
		Release|iPhoneSimulator = Release|iPhoneSimulator
	EndGlobalSection
	GlobalSection(ProjectConfigurationPlatforms) = postSolution
		{AAF8DDC2-F444-4D35-83F7-1C3420215AE4}.Debug|Any CPU.ActiveCfg = Debug|Any CPU
		{AAF8DDC2-F444-4D35-83F7-1C3420215AE4}.Debug|Any CPU.Build.0 = Debug|Any CPU
		{AAF8DDC2-F444-4D35-83F7-1C3420215AE4}.Debug|Any CPU.Deploy.0 = Debug|Any CPU
		{AAF8DDC2-F444-4D35-83F7-1C3420215AE4}.Debug|iPhone.ActiveCfg = Debug|Any CPU
		{AAF8DDC2-F444-4D35-83F7-1C3420215AE4}.Debug|iPhone.Build.0 = Debug|Any CPU
		{AAF8DDC2-F444-4D35-83F7-1C3420215AE4}.Debug|iPhone.Deploy.0 = Debug|Any CPU
		{AAF8DDC2-F444-4D35-83F7-1C3420215AE4}.Debug|iPhoneSimulator.ActiveCfg = Debug|Any CPU
		{AAF8DDC2-F444-4D35-83F7-1C3420215AE4}.Debug|iPhoneSimulator.Build.0 = Debug|Any CPU
		{AAF8DDC2-F444-4D35-83F7-1C3420215AE4}.Debug|iPhoneSimulator.Deploy.0 = Debug|Any CPU
		{AAF8DDC2-F444-4D35-83F7-1C3420215AE4}.Release|Any CPU.ActiveCfg = Release|Any CPU
		{AAF8DDC2-F444-4D35-83F7-1C3420215AE4}.Release|Any CPU.Build.0 = Release|Any CPU
		{AAF8DDC2-F444-4D35-83F7-1C3420215AE4}.Release|Any CPU.Deploy.0 = Release|Any CPU
		{AAF8DDC2-F444-4D35-83F7-1C3420215AE4}.Release|iPhone.ActiveCfg = Release|Any CPU
		{AAF8DDC2-F444-4D35-83F7-1C3420215AE4}.Release|iPhone.Build.0 = Release|Any CPU
		{AAF8DDC2-F444-4D35-83F7-1C3420215AE4}.Release|iPhone.Deploy.0 = Release|Any CPU
		{AAF8DDC2-F444-4D35-83F7-1C3420215AE4}.Release|iPhoneSimulator.ActiveCfg = Release|Any CPU
		{AAF8DDC2-F444-4D35-83F7-1C3420215AE4}.Release|iPhoneSimulator.Build.0 = Release|Any CPU
		{AAF8DDC2-F444-4D35-83F7-1C3420215AE4}.Release|iPhoneSimulator.Deploy.0 = Release|Any CPU
		{7FB93F66-019E-4959-B92A-F08E4B77DD93}.Debug|Any CPU.ActiveCfg = Debug|iPhone
		{7FB93F66-019E-4959-B92A-F08E4B77DD93}.Debug|Any CPU.Build.0 = Debug|iPhone
		{7FB93F66-019E-4959-B92A-F08E4B77DD93}.Debug|Any CPU.Deploy.0 = Debug|iPhone
		{7FB93F66-019E-4959-B92A-F08E4B77DD93}.Debug|iPhone.ActiveCfg = Debug|iPhone
		{7FB93F66-019E-4959-B92A-F08E4B77DD93}.Debug|iPhone.Build.0 = Debug|iPhone
		{7FB93F66-019E-4959-B92A-F08E4B77DD93}.Debug|iPhone.Deploy.0 = Debug|iPhone
		{7FB93F66-019E-4959-B92A-F08E4B77DD93}.Debug|iPhoneSimulator.ActiveCfg = Debug|iPhoneSimulator
		{7FB93F66-019E-4959-B92A-F08E4B77DD93}.Debug|iPhoneSimulator.Build.0 = Debug|iPhoneSimulator
		{7FB93F66-019E-4959-B92A-F08E4B77DD93}.Debug|iPhoneSimulator.Deploy.0 = Debug|iPhoneSimulator
		{7FB93F66-019E-4959-B92A-F08E4B77DD93}.Release|Any CPU.ActiveCfg = Release|iPhoneSimulator
		{7FB93F66-019E-4959-B92A-F08E4B77DD93}.Release|Any CPU.Build.0 = Release|iPhoneSimulator
		{7FB93F66-019E-4959-B92A-F08E4B77DD93}.Release|Any CPU.Deploy.0 = Release|iPhoneSimulator
		{7FB93F66-019E-4959-B92A-F08E4B77DD93}.Release|iPhone.ActiveCfg = Release|iPhone
		{7FB93F66-019E-4959-B92A-F08E4B77DD93}.Release|iPhone.Build.0 = Release|iPhone
		{7FB93F66-019E-4959-B92A-F08E4B77DD93}.Release|iPhone.Deploy.0 = Release|iPhone
		{7FB93F66-019E-4959-B92A-F08E4B77DD93}.Release|iPhoneSimulator.ActiveCfg = Release|iPhoneSimulator
		{7FB93F66-019E-4959-B92A-F08E4B77DD93}.Release|iPhoneSimulator.Build.0 = Release|iPhoneSimulator
		{7FB93F66-019E-4959-B92A-F08E4B77DD93}.Release|iPhoneSimulator.Deploy.0 = Release|iPhoneSimulator
		{22CA7267-174F-46BC-BCB8-39AF2038741F}.Debug|Any CPU.ActiveCfg = Debug|Any CPU
		{22CA7267-174F-46BC-BCB8-39AF2038741F}.Debug|Any CPU.Build.0 = Debug|Any CPU
		{22CA7267-174F-46BC-BCB8-39AF2038741F}.Debug|Any CPU.Deploy.0 = Debug|Any CPU
		{22CA7267-174F-46BC-BCB8-39AF2038741F}.Debug|iPhone.ActiveCfg = Debug|Any CPU
		{22CA7267-174F-46BC-BCB8-39AF2038741F}.Debug|iPhone.Build.0 = Debug|Any CPU
		{22CA7267-174F-46BC-BCB8-39AF2038741F}.Debug|iPhone.Deploy.0 = Debug|Any CPU
		{22CA7267-174F-46BC-BCB8-39AF2038741F}.Debug|iPhoneSimulator.ActiveCfg = Debug|Any CPU
		{22CA7267-174F-46BC-BCB8-39AF2038741F}.Debug|iPhoneSimulator.Build.0 = Debug|Any CPU
		{22CA7267-174F-46BC-BCB8-39AF2038741F}.Debug|iPhoneSimulator.Deploy.0 = Debug|Any CPU
		{22CA7267-174F-46BC-BCB8-39AF2038741F}.Release|Any CPU.ActiveCfg = Release|Any CPU
		{22CA7267-174F-46BC-BCB8-39AF2038741F}.Release|Any CPU.Build.0 = Release|Any CPU
		{22CA7267-174F-46BC-BCB8-39AF2038741F}.Release|Any CPU.Deploy.0 = Release|Any CPU
		{22CA7267-174F-46BC-BCB8-39AF2038741F}.Release|iPhone.ActiveCfg = Release|Any CPU
		{22CA7267-174F-46BC-BCB8-39AF2038741F}.Release|iPhone.Build.0 = Release|Any CPU
		{22CA7267-174F-46BC-BCB8-39AF2038741F}.Release|iPhone.Deploy.0 = Release|Any CPU
		{22CA7267-174F-46BC-BCB8-39AF2038741F}.Release|iPhoneSimulator.ActiveCfg = Release|Any CPU
		{22CA7267-174F-46BC-BCB8-39AF2038741F}.Release|iPhoneSimulator.Build.0 = Release|Any CPU
		{22CA7267-174F-46BC-BCB8-39AF2038741F}.Release|iPhoneSimulator.Deploy.0 = Release|Any CPU
	EndGlobalSection
	GlobalSection(SolutionProperties) = preSolution
		HideSolutionNode = FALSE
	EndGlobalSection
	GlobalSection(ExtensibilityGlobals) = postSolution
		SolutionGuid = {FE078BB9-7FC4-4DB7-941B-EED751B4077A}
	EndGlobalSection
EndGlobal
